# Generated by pub
# See https://dart.dev/tools/pub/glossary#lockfile
packages:
  args:
    dependency: transitive
    description:
      name: args
      sha256: eef6c46b622e0494a36c5a12d10d77fb4e855501a91c1b9ef9339326e58f0596
      url: "https://pub.dev"
    source: hosted
    version: "2.4.2"
  asn1lib:
    dependency: transitive
    description:
      name: asn1lib
      sha256: "21afe4333076c02877d14f4a89df111e658a6d466cbfc802eb705eb91bd5adfd"
      url: "https://pub.dev"
    source: hosted
    version: "1.5.0"
  async:
    dependency: transitive
    description:
      name: async
      sha256: "947bfcf187f74dbc5e146c9eb9c0f10c9f8b30743e341481c1e2ed3ecc18c20c"
      url: "https://pub.dev"
    source: hosted
    version: "2.11.0"
  beize_compiler:
    dependency: transitive
    description:
      path: "packages/beize_compiler"
      ref: HEAD
      resolved-ref: "8669c3486375bfe9af7a13032aaa71af37828202"
      url: "https://github.com/zyrouge/beize.git"
    source: git
    version: "0.0.0"
  beize_shared:
    dependency: transitive
    description:
      path: "packages/beize_shared"
      ref: HEAD
      resolved-ref: "8669c3486375bfe9af7a13032aaa71af37828202"
      url: "https://github.com/zyrouge/beize.git"
    source: git
    version: "0.0.0"
  beize_vm:
    dependency: transitive
    description:
      path: "packages/beize_vm"
      ref: HEAD
      resolved-ref: "8669c3486375bfe9af7a13032aaa71af37828202"
      url: "https://github.com/zyrouge/beize.git"
    source: git
    version: "0.0.0"
  clock:
    dependency: transitive
    description:
      name: clock
      sha256: cb6d7f03e1de671e34607e909a7213e31d7752be4fb66a86d29fe1eb14bfb5cf
      url: "https://pub.dev"
    source: hosted
    version: "1.1.1"
  collection:
    dependency: transitive
    description:
      name: collection
      sha256: ee67cb0715911d28db6bf4af1026078bd6f0128b07a5f66fb2ed94ec6783c09a
      url: "https://pub.dev"
    source: hosted
    version: "1.18.0"
  colorize:
    dependency: transitive
    description:
      name: colorize
      sha256: "584746cd6ba1cba0633b6720f494fe6f9601c4170f0666c1579d2aa2a61071ba"
      url: "https://pub.dev"
    source: hosted
    version: "3.0.0"
  convert:
    dependency: transitive
    description:
      name: convert
      sha256: "0f08b14755d163f6e2134cb58222dd25ea2a2ee8a195e53983d57c075324d592"
      url: "https://pub.dev"
    source: hosted
    version: "3.1.1"
  crypto:
    dependency: transitive
    description:
      name: crypto
      sha256: ff625774173754681d66daaf4a448684fb04b78f902da9cb3d308c19cc5e8bab
      url: "https://pub.dev"
    source: hosted
    version: "3.0.3"
  csslib:
    dependency: transitive
    description:
      name: csslib
      sha256: "706b5707578e0c1b4b7550f64078f0a0f19dec3f50a178ffae7006b0a9ca58fb"
      url: "https://pub.dev"
    source: hosted
    version: "1.0.0"
  devx:
    dependency: "direct dev"
    description:
      path: "."
      ref: dart_devx
      resolved-ref: fd0547cda6c86c1b55f15778105ba7901a0e9ab0
      url: "https://github.com/yukino-org/packages.git"
    source: git
    version: "0.0.0"
  encrypt:
    dependency: transitive
    description:
      name: encrypt
      sha256: "62d9aa4670cc2a8798bab89b39fc71b6dfbacf615de6cf5001fb39f7e4a996a2"
      url: "https://pub.dev"
    source: hosted
    version: "5.0.3"
  html:
    dependency: transitive
    description:
      name: html
      sha256: "3a7812d5bcd2894edf53dfaf8cd640876cf6cef50a8f238745c8b8120ea74d3a"
      url: "https://pub.dev"
    source: hosted
    version: "0.15.4"
  http:
    dependency: transitive
    description:
      name: http
      sha256: "759d1a329847dd0f39226c688d3e06a6b8679668e350e2891a6474f8b4bb8525"
      url: "https://pub.dev"
    source: hosted
    version: "1.1.0"
  http_parser:
    dependency: transitive
    description:
      name: http_parser
      sha256: "2aa08ce0341cc9b354a498388e30986515406668dbcc4f7c950c3e715496693b"
      url: "https://pub.dev"
    source: hosted
    version: "4.0.2"
  js:
    dependency: transitive
    description:
      name: js
      sha256: f2c445dce49627136094980615a031419f7f3eb393237e4ecd97ac15dea343f3
      url: "https://pub.dev"
    source: hosted
    version: "0.6.7"
  lint:
    dependency: transitive
    description:
      name: lint
      sha256: "77b3777e8e9adca8e942da1e835882ae3248dfa00488a2ebbdbc1f1a4aa3f4a7"
      url: "https://pub.dev"
    source: hosted
    version: "2.2.0"
  meta:
    dependency: transitive
    description:
      name: meta
      sha256: d584fa6707a52763a52446f02cc621b077888fb63b93bbcb1143a7be5a0c0c04
      url: "https://pub.dev"
    source: hosted
    version: "1.11.0"
  path:
    dependency: transitive
    description:
      name: path
      sha256: "8829d8a55c13fc0e37127c29fedf290c102f4e40ae94ada574091fe0ff96c917"
      url: "https://pub.dev"
    source: hosted
    version: "1.8.3"
  pointycastle:
    dependency: transitive
    description:
      name: pointycastle
      sha256: "7c1e5f0d23c9016c5bbd8b1473d0d3fb3fc851b876046039509e18e0c7485f2c"
      url: "https://pub.dev"
    source: hosted
    version: "3.7.3"
  sora_builder:
    dependency: "direct main"
    description:
      path: "packages/sora_builder"
      relative: true
    source: path
    version: "0.0.0"
  source_span:
    dependency: transitive
    description:
      name: source_span
      sha256: "53e943d4206a5e30df338fd4c6e7a077e02254531b138a15aec3bd143c1a8b3c"
      url: "https://pub.dev"
    source: hosted
    version: "1.10.0"
  string_scanner:
    dependency: transitive
    description:
      name: string_scanner
      sha256: "556692adab6cfa87322a115640c11f13cb77b3f076ddcc5d6ae3c20242bedcde"
      url: "https://pub.dev"
    source: hosted
    version: "1.2.0"
  tenka:
    dependency: "direct main"
    description:
      path: "."
      ref: dart_tenka
      resolved-ref: "9c24966da8140a04fcf3ed90830ffd63673de768"
      url: "https://github.com/yukino-org/packages.git"
    source: git
    version: "1.0.5"
  tenka_dev_tools:
    dependency: "direct main"
    description:
      path: "."
      ref: dart_tenka_dev_tools
      resolved-ref: "6769ea99e3f1fdc328b50160bc75c0cea2e4306f"
      url: "https://github.com/yukino-org/packages.git"
    source: git
    version: "0.0.0"
  tenka_runtime:
    dependency: transitive
    description:
      path: "."
      ref: dart_tenka_runtime
      resolved-ref: "3aa14ba346435090b44cab2acc7307eed8381024"
      url: "https://github.com/yukino-org/packages.git"
    source: git
    version: "0.0.0"
  term_glyph:
    dependency: transitive
    description:
      name: term_glyph
      sha256: a29248a84fbb7c79282b40b8c72a1209db169a2e0542bce341da992fe1bc7e84
      url: "https://pub.dev"
    source: hosted
    version: "1.2.1"
  typed_data:
    dependency: transitive
    description:
      name: typed_data
      sha256: facc8d6582f16042dd49f2463ff1bd6e2c9ef9f3d5da3d9b087e244a7b564b3c
      url: "https://pub.dev"
    source: hosted
    version: "1.3.2"
  utilx:
    dependency: transitive
    description:
      path: "."
      ref: dart_utilx
      resolved-ref: "0093df29de72886823b27cd9f3603b4ab8262fd8"
      url: "https://github.com/yukino-org/packages.git"
    source: git
    version: "0.0.0"
  yaml:
    dependency: transitive
    description:
      name: yaml
      sha256: "75769501ea3489fca56601ff33454fe45507ea3bfb014161abc3b43ae25989d5"
      url: "https://pub.dev"
    source: hosted
    version: "3.1.2"
  zlint:
    dependency: transitive
    description:
      path: "."
      ref: main
      resolved-ref: "9f3fc307c43ccb41de401083ff16b1e2db4479b0"
      url: "https://github.com/zyrouge/dart_zlint.git"
    source: git
    version: "0.0.0"
sdks:
  dart: ">=3.1.0 <4.0.0"
